github.com/shopspring/decimal v0.0.0-20180709203117-cd690d0c9e24 h1:pntxY8Ary0t43dCZ5dqY4YTJCObLY1kIXl0uzMv+7DE=
github.com/shopspring/decimal v0.0.0-20180709203117-cd690d0c9e24/go.mod h1:M+9NzErvs504Cn4c5DxATwIqPbtswREoFCre64PpcG4=
github.com/tyler-sommer/stick v1.0.3 h1:7Hjc6l0z/HJiQ60DAXI64fOAQc1+D+x83HR9lgHHq8o=
github.com/tyler-sommer/stick v1.0.3/go.mod h1:rjBy3zi6GwoxExa6OSRPPPaLqUEKNsBxTeWckhIX1us=
